# THIS IS AN AUTOGENERATED FILE. DO NOT EDIT THIS FILE DIRECTLY.
# yarn lockfile v1


gitignore@^0.7.0:
  version "0.7.0"
  resolved "https://registry.yarnpkg.com/gitignore/-/gitignore-0.7.0.tgz#062173df62344a572dfd76d98b59c45108562739"
  integrity sha512-6iE891OyeYQYVvdoWI/hcxDWJ0sOngSpIRadxLoYbsnZdqWIUsEfx+IrOpW3d/zWBA/eKYvs6ZZx6ogz2wEGoQ==
